
Microsoft Visual Studio Solution File, Format Version 12.00
# Visual Studio Version 16
VisualStudioVersion = 16.0.29025.244
MinimumVisualStudioVersion = 10.0.40219.1
Project("{2150E333-8FDC-42A3-9474-1A3956D46DE8}") = "Src", "Src", "{6EEC0241-D161-4AC9-A623-9F9CAD8A62A3}"
EndProject
Project("{2150E333-8FDC-42A3-9474-1A3956D46DE8}") = "Tests", "Tests", "{01B4BB89-FC9A-488F-BECA-3781F649DF92}"
EndProject
Project("{9A19103F-16F7-4668-BE54-9A1E7A4F7556}") = "Tch.YumlClient", "Src\Tch.YumlClient.csproj", "{0EECC60E-76C8-4DC9-9AF5-FA72A5711B6E}"
EndProject
Project("{2150E333-8FDC-42A3-9474-1A3956D46DE8}") = "Solution Items", "Solution Items", "{7C5A9F25-605F-42A3-98C9-3A6B13E1CD99}"
	ProjectSection(SolutionItems) = preProject
		README.md = README.md
	EndProjectSection
EndProject
Project("{2150E333-8FDC-42A3-9474-1A3956D46DE8}") = "Demo", "Demo", "{B78EAC87-7853-48BF-A938-6732EB8B3566}"
EndProject
Project("{FAE04EC0-301F-11D3-BF4B-00C04F79EFBC}") = "Tch.YumlClient.DemoApp", "Demo\Tch.YumlClient.DemoApp\Tch.YumlClient.DemoApp.csproj", "{25E96482-AB8F-4244-904F-61D58692D652}"
EndProject
Project("{FAE04EC0-301F-11D3-BF4B-00C04F79EFBC}") = "Tch.YumlClient.IntTests", "Tests\Tch.YumlClient.IntTests\Tch.YumlClient.IntTests.csproj", "{C32DA249-807F-4FC5-B784-9D6C7556C0BD}"
EndProject
Project("{FAE04EC0-301F-11D3-BF4B-00C04F79EFBC}") = "Tch.YumlClient.UnitTests", "Tests\Tch.YumlClient.UnitTests\Tch.YumlClient.UnitTests.csproj", "{12C24D22-8C58-4D56-8B1F-63DFCE60F946}"
EndProject
Global
	GlobalSection(SolutionConfigurationPlatforms) = preSolution
		Debug|Any CPU = Debug|Any CPU
		Release|Any CPU = Release|Any CPU
	EndGlobalSection
	GlobalSection(ProjectConfigurationPlatforms) = postSolution
		{0EECC60E-76C8-4DC9-9AF5-FA72A5711B6E}.Debug|Any CPU.ActiveCfg = Debug|Any CPU
		{0EECC60E-76C8-4DC9-9AF5-FA72A5711B6E}.Debug|Any CPU.Build.0 = Debug|Any CPU
		{0EECC60E-76C8-4DC9-9AF5-FA72A5711B6E}.Release|Any CPU.ActiveCfg = Release|Any CPU
		{0EECC60E-76C8-4DC9-9AF5-FA72A5711B6E}.Release|Any CPU.Build.0 = Release|Any CPU
		{25E96482-AB8F-4244-904F-61D58692D652}.Debug|Any CPU.ActiveCfg = Debug|Any CPU
		{25E96482-AB8F-4244-904F-61D58692D652}.Debug|Any CPU.Build.0 = Debug|Any CPU
		{25E96482-AB8F-4244-904F-61D58692D652}.Release|Any CPU.ActiveCfg = Release|Any CPU
		{25E96482-AB8F-4244-904F-61D58692D652}.Release|Any CPU.Build.0 = Release|Any CPU
		{C32DA249-807F-4FC5-B784-9D6C7556C0BD}.Debug|Any CPU.ActiveCfg = Debug|Any CPU
		{C32DA249-807F-4FC5-B784-9D6C7556C0BD}.Debug|Any CPU.Build.0 = Debug|Any CPU
		{C32DA249-807F-4FC5-B784-9D6C7556C0BD}.Release|Any CPU.ActiveCfg = Release|Any CPU
		{C32DA249-807F-4FC5-B784-9D6C7556C0BD}.Release|Any CPU.Build.0 = Release|Any CPU
		{12C24D22-8C58-4D56-8B1F-63DFCE60F946}.Debug|Any CPU.ActiveCfg = Debug|Any CPU
		{12C24D22-8C58-4D56-8B1F-63DFCE60F946}.Debug|Any CPU.Build.0 = Debug|Any CPU
		{12C24D22-8C58-4D56-8B1F-63DFCE60F946}.Release|Any CPU.ActiveCfg = Release|Any CPU
		{12C24D22-8C58-4D56-8B1F-63DFCE60F946}.Release|Any CPU.Build.0 = Release|Any CPU
	EndGlobalSection
	GlobalSection(SolutionProperties) = preSolution
		HideSolutionNode = FALSE
	EndGlobalSection
	GlobalSection(NestedProjects) = preSolution
		{0EECC60E-76C8-4DC9-9AF5-FA72A5711B6E} = {6EEC0241-D161-4AC9-A623-9F9CAD8A62A3}
		{25E96482-AB8F-4244-904F-61D58692D652} = {B78EAC87-7853-48BF-A938-6732EB8B3566}
		{C32DA249-807F-4FC5-B784-9D6C7556C0BD} = {01B4BB89-FC9A-488F-BECA-3781F649DF92}
		{12C24D22-8C58-4D56-8B1F-63DFCE60F946} = {01B4BB89-FC9A-488F-BECA-3781F649DF92}
	EndGlobalSection
	GlobalSection(ExtensibilityGlobals) = postSolution
		SolutionGuid = {DFBED854-11A8-46D3-ADB1-AAFA12913B43}
	EndGlobalSection
EndGlobal
